
Microsoft Visual Studio Solution File, Format Version 12.00
# Visual Studio 2013
Project("{FAE04EC0-301F-11D3-BF4B-00C04F79EFBC}") = "cars", "cars\cars.csproj", "{efa9d9ff-be08-4678-8b1c-4685de26a72e}"
EndProject
Global
	GlobalSection(SolutionConfigurationPlatforms) = preSolution
		Debug|Any CPU = Debug|Any CPU
		Release|Any CPU = Release|Any CPU
	EndGlobalSection
	GlobalSection(ProjectConfigurationPlatforms) = postSolution
		{EFA9D9FF-BE08-4678-8B1C-4685DE26A72E}.Debug|Any CPU.ActiveCfg = Debug|Any CPU
		{EFA9D9FF-BE08-4678-8B1C-4685DE26A72E}.Debug|Any CPU.Build.0 = Debug|Any CPU
		{EFA9D9FF-BE08-4678-8B1C-4685DE26A72E}.Release|Any CPU.ActiveCfg = Release|Any CPU
		{EFA9D9FF-BE08-4678-8B1C-4685DE26A72E}.Release|Any CPU.Build.0 = Release|Any CPU
	EndGlobalSection
EndGlobal
